
Microsoft Visual Studio Solution File, Format Version 12.00
# Visual Studio Version 17
VisualStudioVersion = 17.0.31903.59
MinimumVisualStudioVersion = 10.0.40219.1
Project("{9A19103F-16F7-4668-BE54-9A1E7A4F7556}") = "MStudio", "src\MStudio\MStudio.csproj", "{055C02C4-C2A0-4D08-ACDF-1421F9D72DD1}"
EndProject
Global
	GlobalSection(SolutionConfigurationPlatforms) = preSolution
		Debug|Any CPU = Debug|Any CPU
		Release|Any CPU = Release|Any CPU
	EndGlobalSection
	GlobalSection(ProjectConfigurationPlatforms) = postSolution
		{055C02C4-C2A0-4D08-ACDF-1421F9D72DD1}.Debug|Any CPU.ActiveCfg = Debug|Any CPU
		{055C02C4-C2A0-4D08-ACDF-1421F9D72DD1}.Debug|Any CPU.Build.0 = Debug|Any CPU
		{055C02C4-C2A0-4D08-ACDF-1421F9D72DD1}.Debug|Any CPU.Deploy.0 = Debug|Any CPU
		{055C02C4-C2A0-4D08-ACDF-1421F9D72DD1}.Release|Any CPU.ActiveCfg = Release|Any CPU
		{055C02C4-C2A0-4D08-ACDF-1421F9D72DD1}.Release|Any CPU.Build.0 = Release|Any CPU
		{055C02C4-C2A0-4D08-ACDF-1421F9D72DD1}.Release|Any CPU.Deploy.0 = Release|Any CPU
	EndGlobalSection
	GlobalSection(SolutionProperties) = preSolution
		HideSolutionNode = FALSE
	EndGlobalSection
	GlobalSection(ExtensibilityGlobals) = postSolution
		SolutionGuid = {482DEE8F-2B95-4A38-99C8-2DC956C8ACAB}
	EndGlobalSection
EndGlobal
